<?xml version="1.0" encoding="UTF-8" standalone="yes" ?>
<CodeBlocks_project_file>
	<FileVersion major="1" minor="6" />
	<Project>
		<Option title="RCTankBot" />
		<Option pch_mode="2" />
		<Option compiler="gcc" />
		<Build>
			<Target title="Debug">
				<Option output="bin/Debug/RCTankBot" prefix_auto="1" extension_auto="1" />
				<Option object_output="obj/Debug/" />
				<Option type="1" />
				<Option compiler="gcc" />
				<Compiler>
					<Add option="-g" />
				</Compiler>
			</Target>
			<Target title="Release">
				<Option output="bin/Release/RCTankBot" prefix_auto="1" extension_auto="1" />
				<Option object_output="obj/Release/" />
				<Option type="1" />
				<Option compiler="gcc" />
				<Compiler>
					<Add option="-O2" />
				</Compiler>
				<Linker>
					<Add option="-s" />
				</Linker>
			</Target>
		</Build>
		<Compiler>
			<Add option="-Wall" />
		</Compiler>
		<Unit filename="../../../../../../../../../Program Files (x86)/Arduino/hardware/arduino/cores/arduino/Arduino.h" />
		<Unit filename="../../../../../../../../../Program Files (x86)/Arduino/hardware/arduino/cores/arduino/CDC.cpp" />
		<Unit filename="../../../../../../../../../Program Files (x86)/Arduino/hardware/arduino/cores/arduino/Client.h" />
		<Unit filename="../../../../../../../../../Program Files (x86)/Arduino/hardware/arduino/cores/arduino/HID.cpp" />
		<Unit filename="../../../../../../../../../Program Files (x86)/Arduino/hardware/arduino/cores/arduino/HardwareSerial.cpp" />
		<Unit filename="../../../../../../../../../Program Files (x86)/Arduino/hardware/arduino/cores/arduino/HardwareSerial.h" />
		<Unit filename="../../../../../../../../../Program Files (x86)/Arduino/hardware/arduino/cores/arduino/IPAddress.cpp" />
		<Unit filename="../../../../../../../../../Program Files (x86)/Arduino/hardware/arduino/cores/arduino/IPAddress.h" />
		<Unit filename="../../../../../../../../../Program Files (x86)/Arduino/hardware/arduino/cores/arduino/Platform.h" />
		<Unit filename="../../../../../../../../../Program Files (x86)/Arduino/hardware/arduino/cores/arduino/Print.cpp" />
		<Unit filename="../../../../../../../../../Program Files (x86)/Arduino/hardware/arduino/cores/arduino/Print.h" />
		<Unit filename="../../../../../../../../../Program Files (x86)/Arduino/hardware/arduino/cores/arduino/Printable.h" />
		<Unit filename="../../../../../../../../../Program Files (x86)/Arduino/hardware/arduino/cores/arduino/Server.h" />
		<Unit filename="../../../../../../../../../Program Files (x86)/Arduino/hardware/arduino/cores/arduino/Stream.cpp" />
		<Unit filename="../../../../../../../../../Program Files (x86)/Arduino/hardware/arduino/cores/arduino/Stream.h" />
		<Unit filename="../../../../../../../../../Program Files (x86)/Arduino/hardware/arduino/cores/arduino/Tone.cpp" />
		<Unit filename="../../../../../../../../../Program Files (x86)/Arduino/hardware/arduino/cores/arduino/USBAPI.h" />
		<Unit filename="../../../../../../../../../Program Files (x86)/Arduino/hardware/arduino/cores/arduino/USBCore.cpp" />
		<Unit filename="../../../../../../../../../Program Files (x86)/Arduino/hardware/arduino/cores/arduino/USBCore.h" />
		<Unit filename="../../../../../../../../../Program Files (x86)/Arduino/hardware/arduino/cores/arduino/USBDesc.h" />
		<Unit filename="../../../../../../../../../Program Files (x86)/Arduino/hardware/arduino/cores/arduino/Udp.h" />
		<Unit filename="../../../../../../../../../Program Files (x86)/Arduino/hardware/arduino/cores/arduino/WCharacter.h" />
		<Unit filename="../../../../../../../../../Program Files (x86)/Arduino/hardware/arduino/cores/arduino/WInterrupts.c">
			<Option compilerVar="CC" />
		</Unit>
		<Unit filename="../../../../../../../../../Program Files (x86)/Arduino/hardware/arduino/cores/arduino/WMath.cpp" />
		<Unit filename="../../../../../../../../../Program Files (x86)/Arduino/hardware/arduino/cores/arduino/WString.cpp" />
		<Unit filename="../../../../../../../../../Program Files (x86)/Arduino/hardware/arduino/cores/arduino/WString.h" />
		<Unit filename="../../../../../../../../../Program Files (x86)/Arduino/hardware/arduino/cores/arduino/avr-libc/malloc.c">
			<Option compilerVar="CC" />
		</Unit>
		<Unit filename="../../../../../../../../../Program Files (x86)/Arduino/hardware/arduino/cores/arduino/avr-libc/realloc.c">
			<Option compilerVar="CC" />
		</Unit>
		<Unit filename="../../../../../../../../../Program Files (x86)/Arduino/hardware/arduino/cores/arduino/avr-libc/sectionname.h" />
		<Unit filename="../../../../../../../../../Program Files (x86)/Arduino/hardware/arduino/cores/arduino/avr-libc/stdlib_private.h" />
		<Unit filename="../../../../../../../../../Program Files (x86)/Arduino/hardware/arduino/cores/arduino/binary.h" />
		<Unit filename="../../../../../../../../../Program Files (x86)/Arduino/hardware/arduino/cores/arduino/main.cpp" />
		<Unit filename="../../../../../../../../../Program Files (x86)/Arduino/hardware/arduino/cores/arduino/new.cpp" />
		<Unit filename="../../../../../../../../../Program Files (x86)/Arduino/hardware/arduino/cores/arduino/new.h" />
		<Unit filename="../../../../../../../../../Program Files (x86)/Arduino/hardware/arduino/cores/arduino/wiring.c">
			<Option compilerVar="CC" />
		</Unit>
		<Unit filename="../../../../../../../../../Program Files (x86)/Arduino/hardware/arduino/cores/arduino/wiring_analog.c">
			<Option compilerVar="CC" />
		</Unit>
		<Unit filename="../../../../../../../../../Program Files (x86)/Arduino/hardware/arduino/cores/arduino/wiring_digital.c">
			<Option compilerVar="CC" />
		</Unit>
		<Unit filename="../../../../../../../../../Program Files (x86)/Arduino/hardware/arduino/cores/arduino/wiring_private.h" />
		<Unit filename="../../../../../../../../../Program Files (x86)/Arduino/hardware/arduino/cores/arduino/wiring_pulse.c">
			<Option compilerVar="CC" />
		</Unit>
		<Unit filename="../../../../../../../../../Program Files (x86)/Arduino/hardware/arduino/cores/arduino/wiring_shift.c">
			<Option compilerVar="CC" />
		</Unit>
		<Unit filename="../../../../../../../../../Program Files (x86)/Arduino/libraries/AccelStepper/AccelStepper.cpp" />
		<Unit filename="../../../../../../../../../Program Files (x86)/Arduino/libraries/AccelStepper/AccelStepper.h" />
		<Unit filename="../../../../../../../../../Program Files (x86)/Arduino/libraries/Adafruit_GFX/Adafruit_GFX.cpp" />
		<Unit filename="../../../../../../../../../Program Files (x86)/Arduino/libraries/Adafruit_GFX/Adafruit_GFX.h" />
		<Unit filename="../../../../../../../../../Program Files (x86)/Arduino/libraries/Adafruit_GFX/glcdfont.c">
			<Option compilerVar="CC" />
		</Unit>
		<Unit filename="../../../../../../../../../Program Files (x86)/Arduino/libraries/Adafruit_ILI9340/Adafruit_ILI9340.cpp" />
		<Unit filename="../../../../../../../../../Program Files (x86)/Arduino/libraries/Adafruit_ILI9340/Adafruit_ILI9340.h" />
		<Unit filename="../../../../../../../../../Program Files (x86)/Arduino/libraries/Adafruit_RA8875/Adafruit_RA8875.cpp" />
		<Unit filename="../../../../../../../../../Program Files (x86)/Arduino/libraries/Adafruit_RA8875/Adafruit_RA8875.h" />
		<Unit filename="../../../../../../../../../Program Files (x86)/Arduino/libraries/Adafruit_SSD1306/Adafruit_SSD1306.cpp" />
		<Unit filename="../../../../../../../../../Program Files (x86)/Arduino/libraries/Adafruit_SSD1306/Adafruit_SSD1306.h" />
		<Unit filename="../../../../../../../../../Program Files (x86)/Arduino/libraries/Adafruit_ST7735/Adafruit_ST7735.cpp" />
		<Unit filename="../../../../../../../../../Program Files (x86)/Arduino/libraries/Adafruit_ST7735/Adafruit_ST7735.h" />
		<Unit filename="../../../../../../../../../Program Files (x86)/Arduino/libraries/AltSoftSerial/AltSoftSerial.cpp" />
		<Unit filename="../../../../../../../../../Program Files (x86)/Arduino/libraries/AltSoftSerial/AltSoftSerial.h" />
		<Unit filename="../../../../../../../../../Program Files (x86)/Arduino/libraries/AltSoftSerial/config/known_boards.h" />
		<Unit filename="../../../../../../../../../Program Files (x86)/Arduino/libraries/AltSoftSerial/config/known_timers.h" />
		<Unit filename="../../../../../../../../../Program Files (x86)/Arduino/libraries/Bounce/Bounce.cpp" />
		<Unit filename="../../../../../../../../../Program Files (x86)/Arduino/libraries/Bounce/Bounce.h" />
		<Unit filename="../../../../../../../../../Program Files (x86)/Arduino/libraries/CapacitiveSensor/CapacitiveSensor.cpp" />
		<Unit filename="../../../../../../../../../Program Files (x86)/Arduino/libraries/CapacitiveSensor/CapacitiveSensor.h" />
		<Unit filename="../../../../../../../../../Program Files (x86)/Arduino/libraries/DS1307RTC/DS1307RTC.cpp" />
		<Unit filename="../../../../../../../../../Program Files (x86)/Arduino/libraries/DS1307RTC/DS1307RTC.h" />
		<Unit filename="../../../../../../../../../Program Files (x86)/Arduino/libraries/DmxSimple/DmxSimple.cpp" />
		<Unit filename="../../../../../../../../../Program Files (x86)/Arduino/libraries/DmxSimple/DmxSimple.h" />
		<Unit filename="../../../../../../../../../Program Files (x86)/Arduino/libraries/DogLcd/DogLcd.cpp" />
		<Unit filename="../../../../../../../../../Program Files (x86)/Arduino/libraries/DogLcd/DogLcd.h" />
		<Unit filename="../../../../../../../../../Program Files (x86)/Arduino/libraries/EEPROM/EEPROM.cpp" />
		<Unit filename="../../../../../../../../../Program Files (x86)/Arduino/libraries/EEPROM/EEPROM.h" />
		<Unit filename="../../../../../../../../../Program Files (x86)/Arduino/libraries/Encoder/Encoder.cpp" />
		<Unit filename="../../../../../../../../../Program Files (x86)/Arduino/libraries/Encoder/Encoder.h" />
		<Unit filename="../../../../../../../../../Program Files (x86)/Arduino/libraries/Encoder/utility/direct_pin_read.h" />
		<Unit filename="../../../../../../../../../Program Files (x86)/Arduino/libraries/Encoder/utility/interrupt_config.h" />
		<Unit filename="../../../../../../../../../Program Files (x86)/Arduino/libraries/Encoder/utility/interrupt_pins.h" />
		<Unit filename="../../../../../../../../../Program Files (x86)/Arduino/libraries/Entropy/Entropy.cpp" />
		<Unit filename="../../../../../../../../../Program Files (x86)/Arduino/libraries/Entropy/Entropy.h" />
		<Unit filename="../../../../../../../../../Program Files (x86)/Arduino/libraries/Esplora/Esplora.cpp" />
		<Unit filename="../../../../../../../../../Program Files (x86)/Arduino/libraries/Esplora/Esplora.h" />
		<Unit filename="../../../../../../../../../Program Files (x86)/Arduino/libraries/Ethernet/Dhcp.cpp" />
		<Unit filename="../../../../../../../../../Program Files (x86)/Arduino/libraries/Ethernet/Dhcp.h" />
		<Unit filename="../../../../../../../../../Program Files (x86)/Arduino/libraries/Ethernet/Dns.cpp" />
		<Unit filename="../../../../../../../../../Program Files (x86)/Arduino/libraries/Ethernet/Dns.h" />
		<Unit filename="../../../../../../../../../Program Files (x86)/Arduino/libraries/Ethernet/Ethernet.cpp" />
		<Unit filename="../../../../../../../../../Program Files (x86)/Arduino/libraries/Ethernet/Ethernet.h" />
		<Unit filename="../../../../../../../../../Program Files (x86)/Arduino/libraries/Ethernet/EthernetClient.cpp" />
		<Unit filename="../../../../../../../../../Program Files (x86)/Arduino/libraries/Ethernet/EthernetClient.h" />
		<Unit filename="../../../../../../../../../Program Files (x86)/Arduino/libraries/Ethernet/EthernetServer.cpp" />
		<Unit filename="../../../../../../../../../Program Files (x86)/Arduino/libraries/Ethernet/EthernetServer.h" />
		<Unit filename="../../../../../../../../../Program Files (x86)/Arduino/libraries/Ethernet/EthernetUdp.cpp" />
		<Unit filename="../../../../../../../../../Program Files (x86)/Arduino/libraries/Ethernet/EthernetUdp.h" />
		<Unit filename="../../../../../../../../../Program Files (x86)/Arduino/libraries/Ethernet/util.h" />
		<Unit filename="../../../../../../../../../Program Files (x86)/Arduino/libraries/Ethernet/utility/socket.cpp" />
		<Unit filename="../../../../../../../../../Program Files (x86)/Arduino/libraries/Ethernet/utility/socket.h" />
		<Unit filename="../../../../../../../../../Program Files (x86)/Arduino/libraries/Ethernet/utility/w5100.cpp" />
		<Unit filename="../../../../../../../../../Program Files (x86)/Arduino/libraries/Ethernet/utility/w5100.h" />
		<Unit filename="../../../../../../../../../Program Files (x86)/Arduino/libraries/FastSPI_LED/FastSPI_LED.cpp" />
		<Unit filename="../../../../../../../../../Program Files (x86)/Arduino/libraries/FastSPI_LED/FastSPI_LED.h" />
		<Unit filename="../../../../../../../../../Program Files (x86)/Arduino/libraries/Firmata/Boards.h" />
		<Unit filename="../../../../../../../../../Program Files (x86)/Arduino/libraries/Firmata/Firmata.cpp" />
		<Unit filename="../../../../../../../../../Program Files (x86)/Arduino/libraries/Firmata/Firmata.h" />
		<Unit filename="../../../../../../../../../Program Files (x86)/Arduino/libraries/FlexiTimer2/FlexiTimer2.cpp" />
		<Unit filename="../../../../../../../../../Program Files (x86)/Arduino/libraries/FlexiTimer2/FlexiTimer2.h" />
		<Unit filename="../../../../../../../../../Program Files (x86)/Arduino/libraries/FreqCount/FreqCount.cpp" />
		<Unit filename="../../../../../../../../../Program Files (x86)/Arduino/libraries/FreqCount/FreqCount.h" />
		<Unit filename="../../../../../../../../../Program Files (x86)/Arduino/libraries/FreqCount/FreqCount/FreqCount.cpp" />
		<Unit filename="../../../../../../../../../Program Files (x86)/Arduino/libraries/FreqCount/FreqCount/FreqCount.h" />
		<Unit filename="../../../../../../../../../Program Files (x86)/Arduino/libraries/FreqCount/FreqCount/util/timers.h" />
		<Unit filename="../../../../../../../../../Program Files (x86)/Arduino/libraries/FreqCount/FreqCount/util/timers_1ms_only.h" />
		<Unit filename="../../../../../../../../../Program Files (x86)/Arduino/libraries/FreqCount/util/timers.h" />
		<Unit filename="../../../../../../../../../Program Files (x86)/Arduino/libraries/FreqCount/util/timers_1ms_only.h" />
		<Unit filename="../../../../../../../../../Program Files (x86)/Arduino/libraries/FreqMeasure/FreqMeasure.cpp" />
		<Unit filename="../../../../../../../../../Program Files (x86)/Arduino/libraries/FreqMeasure/FreqMeasure.h" />
		<Unit filename="../../../../../../../../../Program Files (x86)/Arduino/libraries/FreqMeasure/util/capture.h" />
		<Unit filename="../../../../../../../../../Program Files (x86)/Arduino/libraries/FrequencyTimer2/FrequencyTimer2.cpp" />
		<Unit filename="../../../../../../../../../Program Files (x86)/Arduino/libraries/FrequencyTimer2/FrequencyTimer2.h" />
		<Unit filename="../../../../../../../../../Program Files (x86)/Arduino/libraries/GSM/GSM.h" />
		<Unit filename="../../../../../../../../../Program Files (x86)/Arduino/libraries/GSM/GSM3CircularBuffer.cpp" />
		<Unit filename="../../../../../../../../../Program Files (x86)/Arduino/libraries/GSM/GSM3CircularBuffer.h" />
		<Unit filename="../../../../../../../../../Program Files (x86)/Arduino/libraries/GSM/GSM3MobileAccessProvider.cpp" />
		<Unit filename="../../../../../../../../../Program Files (x86)/Arduino/libraries/GSM/GSM3MobileAccessProvider.h" />
		<Unit filename="../../../../../../../../../Program Files (x86)/Arduino/libraries/GSM/GSM3MobileCellManagement.cpp" />
		<Unit filename="../../../../../../../../../Program Files (x86)/Arduino/libraries/GSM/GSM3MobileCellManagement.h" />
		<Unit filename="../../../../../../../../../Program Files (x86)/Arduino/libraries/GSM/GSM3MobileClientProvider.cpp" />
		<Unit filename="../../../../../../../../../Program Files (x86)/Arduino/libraries/GSM/GSM3MobileClientProvider.h" />
		<Unit filename="../../../../../../../../../Program Files (x86)/Arduino/libraries/GSM/GSM3MobileClientService.cpp" />
		<Unit filename="../../../../../../../../../Program Files (x86)/Arduino/libraries/GSM/GSM3MobileClientService.h" />
		<Unit filename="../../../../../../../../../Program Files (x86)/Arduino/libraries/GSM/GSM3MobileDataNetworkProvider.cpp" />
		<Unit filename="../../../../../../../../../Program Files (x86)/Arduino/libraries/GSM/GSM3MobileDataNetworkProvider.h" />
		<Unit filename="../../../../../../../../../Program Files (x86)/Arduino/libraries/GSM/GSM3MobileMockupProvider.cpp" />
		<Unit filename="../../../../../../../../../Program Files (x86)/Arduino/libraries/GSM/GSM3MobileMockupProvider.h" />
		<Unit filename="../../../../../../../../../Program Files (x86)/Arduino/libraries/GSM/GSM3MobileNetworkProvider.cpp" />
		<Unit filename="../../../../../../../../../Program Files (x86)/Arduino/libraries/GSM/GSM3MobileNetworkProvider.h" />
		<Unit filename="../../../../../../../../../Program Files (x86)/Arduino/libraries/GSM/GSM3MobileNetworkRegistry.cpp" />
		<Unit filename="../../../../../../../../../Program Files (x86)/Arduino/libraries/GSM/GSM3MobileNetworkRegistry.h" />
		<Unit filename="../../../../../../../../../Program Files (x86)/Arduino/libraries/GSM/GSM3MobileSMSProvider.cpp" />
		<Unit filename="../../../../../../../../../Program Files (x86)/Arduino/libraries/GSM/GSM3MobileSMSProvider.h" />
		<Unit filename="../../../../../../../../../Program Files (x86)/Arduino/libraries/GSM/GSM3MobileServerProvider.cpp" />
		<Unit filename="../../../../../../../../../Program Files (x86)/Arduino/libraries/GSM/GSM3MobileServerProvider.h" />
		<Unit filename="../../../../../../../../../Program Files (x86)/Arduino/libraries/GSM/GSM3MobileServerService.cpp" />
		<Unit filename="../../../../../../../../../Program Files (x86)/Arduino/libraries/GSM/GSM3MobileServerService.h" />
		<Unit filename="../../../../../../../../../Program Files (x86)/Arduino/libraries/GSM/GSM3MobileVoiceProvider.cpp" />
		<Unit filename="../../../../../../../../../Program Files (x86)/Arduino/libraries/GSM/GSM3MobileVoiceProvider.h" />
		<Unit filename="../../../../../../../../../Program Files (x86)/Arduino/libraries/GSM/GSM3SMSService.cpp" />
		<Unit filename="../../../../../../../../../Program Files (x86)/Arduino/libraries/GSM/GSM3SMSService.h" />
		<Unit filename="../../../../../../../../../Program Files (x86)/Arduino/libraries/GSM/GSM3ShieldV1.cpp" />
		<Unit filename="../../../../../../../../../Program Files (x86)/Arduino/libraries/GSM/GSM3ShieldV1.h" />
		<Unit filename="../../../../../../../../../Program Files (x86)/Arduino/libraries/GSM/GSM3ShieldV1AccessProvider.cpp" />
		<Unit filename="../../../../../../../../../Program Files (x86)/Arduino/libraries/GSM/GSM3ShieldV1AccessProvider.h" />
		<Unit filename="../../../../../../../../../Program Files (x86)/Arduino/libraries/GSM/GSM3ShieldV1BandManagement.cpp" />
		<Unit filename="../../../../../../../../../Program Files (x86)/Arduino/libraries/GSM/GSM3ShieldV1BandManagement.h" />
		<Unit filename="../../../../../../../../../Program Files (x86)/Arduino/libraries/GSM/GSM3ShieldV1BaseProvider.cpp" />
		<Unit filename="../../../../../../../../../Program Files (x86)/Arduino/libraries/GSM/GSM3ShieldV1BaseProvider.h" />
		<Unit filename="../../../../../../../../../Program Files (x86)/Arduino/libraries/GSM/GSM3ShieldV1CellManagement.cpp" />
		<Unit filename="../../../../../../../../../Program Files (x86)/Arduino/libraries/GSM/GSM3ShieldV1CellManagement.h" />
		<Unit filename="../../../../../../../../../Program Files (x86)/Arduino/libraries/GSM/GSM3ShieldV1ClientProvider.cpp" />
		<Unit filename="../../../../../../../../../Program Files (x86)/Arduino/libraries/GSM/GSM3ShieldV1ClientProvider.h" />
		<Unit filename="../../../../../../../../../Program Files (x86)/Arduino/libraries/GSM/GSM3ShieldV1DataNetworkProvider.cpp" />
		<Unit filename="../../../../../../../../../Program Files (x86)/Arduino/libraries/GSM/GSM3ShieldV1DataNetworkProvider.h" />
		<Unit filename="../../../../../../../../../Program Files (x86)/Arduino/libraries/GSM/GSM3ShieldV1DirectModemProvider.cpp" />
		<Unit filename="../../../../../../../../../Program Files (x86)/Arduino/libraries/GSM/GSM3ShieldV1DirectModemProvider.h" />
		<Unit filename="../../../../../../../../../Program Files (x86)/Arduino/libraries/GSM/GSM3ShieldV1ModemCore.cpp" />
		<Unit filename="../../../../../../../../../Program Files (x86)/Arduino/libraries/GSM/GSM3ShieldV1ModemCore.h" />
		<Unit filename="../../../../../../../../../Program Files (x86)/Arduino/libraries/GSM/GSM3ShieldV1ModemVerification.cpp" />
		<Unit filename="../../../../../../../../../Program Files (x86)/Arduino/libraries/GSM/GSM3ShieldV1ModemVerification.h" />
		<Unit filename="../../../../../../../../../Program Files (x86)/Arduino/libraries/GSM/GSM3ShieldV1MultiClientProvider.cpp" />
		<Unit filename="../../../../../../../../../Program Files (x86)/Arduino/libraries/GSM/GSM3ShieldV1MultiClientProvider.h" />
		<Unit filename="../../../../../../../../../Program Files (x86)/Arduino/libraries/GSM/GSM3ShieldV1MultiServerProvider.cpp" />
		<Unit filename="../../../../../../../../../Program Files (x86)/Arduino/libraries/GSM/GSM3ShieldV1MultiServerProvider.h" />
		<Unit filename="../../../../../../../../../Program Files (x86)/Arduino/libraries/GSM/GSM3ShieldV1PinManagement.cpp" />
		<Unit filename="../../../../../../../../../Program Files (x86)/Arduino/libraries/GSM/GSM3ShieldV1PinManagement.h" />
		<Unit filename="../../../../../../../../../Program Files (x86)/Arduino/libraries/GSM/GSM3ShieldV1SMSProvider.cpp" />
		<Unit filename="../../../../../../../../../Program Files (x86)/Arduino/libraries/GSM/GSM3ShieldV1SMSProvider.h" />
		<Unit filename="../../../../../../../../../Program Files (x86)/Arduino/libraries/GSM/GSM3ShieldV1ScanNetworks.cpp" />
		<Unit filename="../../../../../../../../../Program Files (x86)/Arduino/libraries/GSM/GSM3ShieldV1ScanNetworks.h" />
		<Unit filename="../../../../../../../../../Program Files (x86)/Arduino/libraries/GSM/GSM3ShieldV1ServerProvider.cpp" />
		<Unit filename="../../../../../../../../../Program Files (x86)/Arduino/libraries/GSM/GSM3ShieldV1ServerProvider.h" />
		<Unit filename="../../../../../../../../../Program Files (x86)/Arduino/libraries/GSM/GSM3ShieldV1VoiceProvider.cpp" />
		<Unit filename="../../../../../../../../../Program Files (x86)/Arduino/libraries/GSM/GSM3ShieldV1VoiceProvider.h" />
		<Unit filename="../../../../../../../../../Program Files (x86)/Arduino/libraries/GSM/GSM3SoftSerial.cpp" />
		<Unit filename="../../../../../../../../../Program Files (x86)/Arduino/libraries/GSM/GSM3SoftSerial.h" />
		<Unit filename="../../../../../../../../../Program Files (x86)/Arduino/libraries/GSM/GSM3VoiceCallService.cpp" />
		<Unit filename="../../../../../../../../../Program Files (x86)/Arduino/libraries/GSM/GSM3VoiceCallService.h" />
		<Unit filename="../../../../../../../../../Program Files (x86)/Arduino/libraries/IRremote/IRremote.cpp" />
		<Unit filename="../../../../../../../../../Program Files (x86)/Arduino/libraries/IRremote/IRremote.h" />
		<Unit filename="../../../../../../../../../Program Files (x86)/Arduino/libraries/IRremote/IRremoteInt.h" />
		<Unit filename="../../../../../../../../../Program Files (x86)/Arduino/libraries/Keypad/Keypad.cpp" />
		<Unit filename="../../../../../../../../../Program Files (x86)/Arduino/libraries/Keypad/Keypad.h" />
		<Unit filename="../../../../../../../../../Program Files (x86)/Arduino/libraries/Keypad/utility/Key.cpp" />
		<Unit filename="../../../../../../../../../Program Files (x86)/Arduino/libraries/Keypad/utility/Key.h" />
		<Unit filename="../../../../../../../../../Program Files (x86)/Arduino/libraries/LedControl/LedControl.cpp" />
		<Unit filename="../../../../../../../../../Program Files (x86)/Arduino/libraries/LedControl/LedControl.h" />
		<Unit filename="../../../../../../../../../Program Files (x86)/Arduino/libraries/LedDisplay/LedDisplay.cpp" />
		<Unit filename="../../../../../../../../../Program Files (x86)/Arduino/libraries/LedDisplay/LedDisplay.h" />
		<Unit filename="../../../../../../../../../Program Files (x86)/Arduino/libraries/LedDisplay/font5x7.h" />
		<Unit filename="../../../../../../../../../Program Files (x86)/Arduino/libraries/LiquidCrystalFast/LiquidCrystalFast.cpp" />
		<Unit filename="../../../../../../../../../Program Files (x86)/Arduino/libraries/LiquidCrystalFast/LiquidCrystalFast.h" />
		<Unit filename="../../../../../../../../../Program Files (x86)/Arduino/libraries/LiquidCrystal/LiquidCrystal.cpp" />
		<Unit filename="../../../../../../../../../Program Files (x86)/Arduino/libraries/LiquidCrystal/LiquidCrystal.h" />
		<Unit filename="../../../../../../../../../Program Files (x86)/Arduino/libraries/LowPower/LowPower.cpp" />
		<Unit filename="../../../../../../../../../Program Files (x86)/Arduino/libraries/LowPower/LowPower.h" />
		<Unit filename="../../../../../../../../../Program Files (x86)/Arduino/libraries/MIDI/MIDI.cpp" />
		<Unit filename="../../../../../../../../../Program Files (x86)/Arduino/libraries/MIDI/MIDI.h" />
		<Unit filename="../../../../../../../../../Program Files (x86)/Arduino/libraries/Metro/Metro.cpp" />
		<Unit filename="../../../../../../../../../Program Files (x86)/Arduino/libraries/Metro/Metro.h" />
		<Unit filename="../../../../../../../../../Program Files (x86)/Arduino/libraries/MsTimer2/MsTimer2.cpp" />
		<Unit filename="../../../../../../../../../Program Files (x86)/Arduino/libraries/MsTimer2/MsTimer2.h" />
		<Unit filename="../../../../../../../../../Program Files (x86)/Arduino/libraries/NeoPixel/Adafruit_NeoPixel.cpp" />
		<Unit filename="../../../../../../../../../Program Files (x86)/Arduino/libraries/NeoPixel/Adafruit_NeoPixel.h" />
		<Unit filename="../../../../../../../../../Program Files (x86)/Arduino/libraries/NewSoftSerial/NewSoftSerial.cpp" />
		<Unit filename="../../../../../../../../../Program Files (x86)/Arduino/libraries/NewSoftSerial/NewSoftSerial.h" />
		<Unit filename="../../../../../../../../../Program Files (x86)/Arduino/libraries/OSC/OSCBoards.h" />
		<Unit filename="../../../../../../../../../Program Files (x86)/Arduino/libraries/OSC/OSCBundle.cpp" />
		<Unit filename="../../../../../../../../../Program Files (x86)/Arduino/libraries/OSC/OSCBundle.h" />
		<Unit filename="../../../../../../../../../Program Files (x86)/Arduino/libraries/OSC/OSCData.cpp" />
		<Unit filename="../../../../../../../../../Program Files (x86)/Arduino/libraries/OSC/OSCData.h" />
		<Unit filename="../../../../../../../../../Program Files (x86)/Arduino/libraries/OSC/OSCMatch.c">
			<Option compilerVar="CC" />
		</Unit>
		<Unit filename="../../../../../../../../../Program Files (x86)/Arduino/libraries/OSC/OSCMatch.h" />
		<Unit filename="../../../../../../../../../Program Files (x86)/Arduino/libraries/OSC/OSCMessage.cpp" />
		<Unit filename="../../../../../../../../../Program Files (x86)/Arduino/libraries/OSC/OSCMessage.h" />
		<Unit filename="../../../../../../../../../Program Files (x86)/Arduino/libraries/OSC/OSCTiming.cpp" />
		<Unit filename="../../../../../../../../../Program Files (x86)/Arduino/libraries/OSC/OSCTiming.h" />
		<Unit filename="../../../../../../../../../Program Files (x86)/Arduino/libraries/OSC/SLIPEncodedSerial.cpp" />
		<Unit filename="../../../../../../../../../Program Files (x86)/Arduino/libraries/OSC/SLIPEncodedSerial.h" />
		<Unit filename="../../../../../../../../../Program Files (x86)/Arduino/libraries/OSC/SLIPEncodedUSBSerial.cpp" />
		<Unit filename="../../../../../../../../../Program Files (x86)/Arduino/libraries/OSC/SLIPEncodedUSBSerial.h" />
		<Unit filename="../../../../../../../../../Program Files (x86)/Arduino/libraries/OctoWS2811/OctoWS2811.cpp" />
		<Unit filename="../../../../../../../../../Program Files (x86)/Arduino/libraries/OctoWS2811/OctoWS2811.h" />
		<Unit filename="../../../../../../../../../Program Files (x86)/Arduino/libraries/OneWire/OneWire.cpp" />
		<Unit filename="../../../../../../../../../Program Files (x86)/Arduino/libraries/OneWire/OneWire.h" />
		<Unit filename="../../../../../../../../../Program Files (x86)/Arduino/libraries/PS2Keyboard/PS2Keyboard.cpp" />
		<Unit filename="../../../../../../../../../Program Files (x86)/Arduino/libraries/PS2Keyboard/PS2Keyboard.h" />
		<Unit filename="../../../../../../../../../Program Files (x86)/Arduino/libraries/PS2Keyboard/utility/int_pins.h" />
		<Unit filename="../../../../../../../../../Program Files (x86)/Arduino/libraries/PWMServo/PWMServo.cpp" />
		<Unit filename="../../../../../../../../../Program Files (x86)/Arduino/libraries/PWMServo/PWMServo.h" />
		<Unit filename="../../../../../../../../../Program Files (x86)/Arduino/libraries/Ping/Ping.cpp" />
		<Unit filename="../../../../../../../../../Program Files (x86)/Arduino/libraries/Ping/Ping.h" />
		<Unit filename="../../../../../../../../../Program Files (x86)/Arduino/libraries/Robot_Control/Adafruit_GFX.cpp" />
		<Unit filename="../../../../../../../../../Program Files (x86)/Arduino/libraries/Robot_Control/Adafruit_GFX.h" />
		<Unit filename="../../../../../../../../../Program Files (x86)/Arduino/libraries/Robot_Control/ArduinoRobot.cpp" />
		<Unit filename="../../../../../../../../../Program Files (x86)/Arduino/libraries/Robot_Control/ArduinoRobot.h" />
		<Unit filename="../../../../../../../../../Program Files (x86)/Arduino/libraries/Robot_Control/Arduino_LCD.cpp" />
		<Unit filename="../../../../../../../../../Program Files (x86)/Arduino/libraries/Robot_Control/Arduino_LCD.h" />
		<Unit filename="../../../../../../../../../Program Files (x86)/Arduino/libraries/Robot_Control/Compass.cpp" />
		<Unit filename="../../../../../../../../../Program Files (x86)/Arduino/libraries/Robot_Control/Compass.h" />
		<Unit filename="../../../../../../../../../Program Files (x86)/Arduino/libraries/Robot_Control/EEPROM_I2C.cpp" />
		<Unit filename="../../../../../../../../../Program Files (x86)/Arduino/libraries/Robot_Control/EEPROM_I2C.h" />
		<Unit filename="../../../../../../../../../Program Files (x86)/Arduino/libraries/Robot_Control/EasyTransfer2.cpp" />
		<Unit filename="../../../../../../../../../Program Files (x86)/Arduino/libraries/Robot_Control/EasyTransfer2.h" />
		<Unit filename="../../../../../../../../../Program Files (x86)/Arduino/libraries/Robot_Control/Fat16.cpp" />
		<Unit filename="../../../../../../../../../Program Files (x86)/Arduino/libraries/Robot_Control/Fat16.h" />
		<Unit filename="../../../../../../../../../Program Files (x86)/Arduino/libraries/Robot_Control/Fat16Config.h" />
		<Unit filename="../../../../../../../../../Program Files (x86)/Arduino/libraries/Robot_Control/Fat16mainpage.h" />
		<Unit filename="../../../../../../../../../Program Files (x86)/Arduino/libraries/Robot_Control/Fat16util.h" />
		<Unit filename="../../../../../../../../../Program Files (x86)/Arduino/libraries/Robot_Control/FatStructs.h" />
		<Unit filename="../../../../../../../../../Program Files (x86)/Arduino/libraries/Robot_Control/Melody.cpp" />
		<Unit filename="../../../../../../../../../Program Files (x86)/Arduino/libraries/Robot_Control/Motors.cpp" />
		<Unit filename="../../../../../../../../../Program Files (x86)/Arduino/libraries/Robot_Control/Multiplexer.cpp" />
		<Unit filename="../../../../../../../../../Program Files (x86)/Arduino/libraries/Robot_Control/Multiplexer.h" />
		<Unit filename="../../../../../../../../../Program Files (x86)/Arduino/libraries/Robot_Control/RobotSdCard.cpp" />
		<Unit filename="../../../../../../../../../Program Files (x86)/Arduino/libraries/Robot_Control/SPI.cpp" />
		<Unit filename="../../../../../../../../../Program Files (x86)/Arduino/libraries/Robot_Control/SPI.h" />
		<Unit filename="../../../../../../../../../Program Files (x86)/Arduino/libraries/Robot_Control/SdCard.cpp" />
		<Unit filename="../../../../../../../../../Program Files (x86)/Arduino/libraries/Robot_Control/SdCard.h" />
		<Unit filename="../../../../../../../../../Program Files (x86)/Arduino/libraries/Robot_Control/SdInfo.h" />
		<Unit filename="../../../../../../../../../Program Files (x86)/Arduino/libraries/Robot_Control/Sensors.cpp" />
		<Unit filename="../../../../../../../../../Program Files (x86)/Arduino/libraries/Robot_Control/Squawk.cpp" />
		<Unit filename="../../../../../../../../../Program Files (x86)/Arduino/libraries/Robot_Control/Squawk.h" />
		<Unit filename="../../../../../../../../../Program Files (x86)/Arduino/libraries/Robot_Control/SquawkSD.cpp" />
		<Unit filename="../../../../../../../../../Program Files (x86)/Arduino/libraries/Robot_Control/SquawkSD.h" />
		<Unit filename="../../../../../../../../../Program Files (x86)/Arduino/libraries/Robot_Control/Wire.cpp" />
		<Unit filename="../../../../../../../../../Program Files (x86)/Arduino/libraries/Robot_Control/Wire.h" />
		<Unit filename="../../../../../../../../../Program Files (x86)/Arduino/libraries/Robot_Control/communication.cpp" />
		<Unit filename="../../../../../../../../../Program Files (x86)/Arduino/libraries/Robot_Control/glcdfont.c">
			<Option compilerVar="CC" />
		</Unit>
		<Unit filename="../../../../../../../../../Program Files (x86)/Arduino/libraries/Robot_Control/helper.cpp" />
		<Unit filename="../../../../../../../../../Program Files (x86)/Arduino/libraries/Robot_Control/information.cpp" />
		<Unit filename="../../../../../../../../../Program Files (x86)/Arduino/libraries/Robot_Control/keyboard.cpp" />
		<Unit filename="../../../../../../../../../Program Files (x86)/Arduino/libraries/Robot_Control/lcd.cpp" />
		<Unit filename="../../../../../../../../../Program Files (x86)/Arduino/libraries/Robot_Control/utility/RobotTextManager.cpp" />
		<Unit filename="../../../../../../../../../Program Files (x86)/Arduino/libraries/Robot_Control/utility/RobotTextManager.h" />
		<Unit filename="../../../../../../../../../Program Files (x86)/Arduino/libraries/Robot_Control/utility/VirtualKeyboard.cpp" />
		<Unit filename="../../../../../../../../../Program Files (x86)/Arduino/libraries/Robot_Control/utility/VirtualKeyboard.h" />
		<Unit filename="../../../../../../../../../Program Files (x86)/Arduino/libraries/Robot_Control/utility/scripts_Hello_User.h" />
		<Unit filename="../../../../../../../../../Program Files (x86)/Arduino/libraries/Robot_Control/utility/twi.c">
			<Option compilerVar="CC" />
		</Unit>
		<Unit filename="../../../../../../../../../Program Files (x86)/Arduino/libraries/Robot_Control/utility/twi.h" />
		<Unit filename="../../../../../../../../../Program Files (x86)/Arduino/libraries/Robot_Motor/ArduinoRobotMotorBoard.cpp" />
		<Unit filename="../../../../../../../../../Program Files (x86)/Arduino/libraries/Robot_Motor/ArduinoRobotMotorBoard.h" />
		<Unit filename="../../../../../../../../../Program Files (x86)/Arduino/libraries/Robot_Motor/EasyTransfer2.cpp" />
		<Unit filename="../../../../../../../../../Program Files (x86)/Arduino/libraries/Robot_Motor/EasyTransfer2.h" />
		<Unit filename="../../../../../../../../../Program Files (x86)/Arduino/libraries/Robot_Motor/LineFollow.h" />
		<Unit filename="../../../../../../../../../Program Files (x86)/Arduino/libraries/Robot_Motor/Multiplexer.cpp" />
		<Unit filename="../../../../../../../../../Program Files (x86)/Arduino/libraries/Robot_Motor/Multiplexer.h" />
		<Unit filename="../../../../../../../../../Program Files (x86)/Arduino/libraries/Robot_Motor/lineFollow.cpp" />
		<Unit filename="../../../../../../../../../Program Files (x86)/Arduino/libraries/SD/File.cpp" />
		<Unit filename="../../../../../../../../../Program Files (x86)/Arduino/libraries/SD/SD.cpp" />
		<Unit filename="../../../../../../../../../Program Files (x86)/Arduino/libraries/SD/SD.h" />
		<Unit filename="../../../../../../../../../Program Files (x86)/Arduino/libraries/SD/utility/FatStructs.h" />
		<Unit filename="../../../../../../../../../Program Files (x86)/Arduino/libraries/SD/utility/Sd2Card.cpp" />
		<Unit filename="../../../../../../../../../Program Files (x86)/Arduino/libraries/SD/utility/Sd2Card.h" />
		<Unit filename="../../../../../../../../../Program Files (x86)/Arduino/libraries/SD/utility/Sd2PinMap.h" />
		<Unit filename="../../../../../../../../../Program Files (x86)/Arduino/libraries/SD/utility/SdFat.h" />
		<Unit filename="../../../../../../../../../Program Files (x86)/Arduino/libraries/SD/utility/SdFatUtil.h" />
		<Unit filename="../../../../../../../../../Program Files (x86)/Arduino/libraries/SD/utility/SdFatmainpage.h" />
		<Unit filename="../../../../../../../../../Program Files (x86)/Arduino/libraries/SD/utility/SdFile.cpp" />
		<Unit filename="../../../../../../../../../Program Files (x86)/Arduino/libraries/SD/utility/SdInfo.h" />
		<Unit filename="../../../../../../../../../Program Files (x86)/Arduino/libraries/SD/utility/SdVolume.cpp" />
		<Unit filename="../../../../../../../../../Program Files (x86)/Arduino/libraries/SPI/SPI.cpp" />
		<Unit filename="../../../../../../../../../Program Files (x86)/Arduino/libraries/SPI/SPI.h" />
		<Unit filename="../../../../../../../../../Program Files (x86)/Arduino/libraries/ST7565/ST7565.cpp" />
		<Unit filename="../../../../../../../../../Program Files (x86)/Arduino/libraries/ST7565/ST7565.h" />
		<Unit filename="../../../../../../../../../Program Files (x86)/Arduino/libraries/ST7565/glcdfont.c">
			<Option compilerVar="CC" />
		</Unit>
		<Unit filename="../../../../../../../../../Program Files (x86)/Arduino/libraries/Servo/Servo.cpp" />
		<Unit filename="../../../../../../../../../Program Files (x86)/Arduino/libraries/Servo/Servo.h" />
		<Unit filename="../../../../../../../../../Program Files (x86)/Arduino/libraries/ShiftPWM/CShiftPWM.cpp" />
		<Unit filename="../../../../../../../../../Program Files (x86)/Arduino/libraries/ShiftPWM/CShiftPWM.h" />
		<Unit filename="../../../../../../../../../Program Files (x86)/Arduino/libraries/ShiftPWM/ShiftPWM.h" />
		<Unit filename="../../../../../../../../../Program Files (x86)/Arduino/libraries/ShiftPWM/pins_arduino_compile_time.h" />
		<Unit filename="../../../../../../../../../Program Files (x86)/Arduino/libraries/SoftPWM/SoftPWM.cpp" />
		<Unit filename="../../../../../../../../../Program Files (x86)/Arduino/libraries/SoftPWM/SoftPWM.h" />
		<Unit filename="../../../../../../../../../Program Files (x86)/Arduino/libraries/SoftPWM/SoftPWM_timer.h" />
		<Unit filename="../../../../../../../../../Program Files (x86)/Arduino/libraries/SoftwareSerial/SoftwareSerial.cpp" />
		<Unit filename="../../../../../../../../../Program Files (x86)/Arduino/libraries/SoftwareSerial/SoftwareSerial.h" />
		<Unit filename="../../../../../../../../../Program Files (x86)/Arduino/libraries/Stepper/Stepper.cpp" />
		<Unit filename="../../../../../../../../../Program Files (x86)/Arduino/libraries/Stepper/Stepper.h" />
		<Unit filename="../../../../../../../../../Program Files (x86)/Arduino/libraries/TFT/TFT.cpp" />
		<Unit filename="../../../../../../../../../Program Files (x86)/Arduino/libraries/TFT/TFT.h" />
		<Unit filename="../../../../../../../../../Program Files (x86)/Arduino/libraries/TFT/utility/Adafruit_GFX.cpp" />
		<Unit filename="../../../../../../../../../Program Files (x86)/Arduino/libraries/TFT/utility/Adafruit_GFX.h" />
		<Unit filename="../../../../../../../../../Program Files (x86)/Arduino/libraries/TFT/utility/Adafruit_ST7735.cpp" />
		<Unit filename="../../../../../../../../../Program Files (x86)/Arduino/libraries/TFT/utility/Adafruit_ST7735.h" />
		<Unit filename="../../../../../../../../../Program Files (x86)/Arduino/libraries/TFT/utility/PImage.h" />
		<Unit filename="../../../../../../../../../Program Files (x86)/Arduino/libraries/TFT/utility/glcdfont.c">
			<Option compilerVar="CC" />
		</Unit>
		<Unit filename="../../../../../../../../../Program Files (x86)/Arduino/libraries/TimeAlarms/TimeAlarms.cpp" />
		<Unit filename="../../../../../../../../../Program Files (x86)/Arduino/libraries/TimeAlarms/TimeAlarms.h" />
		<Unit filename="../../../../../../../../../Program Files (x86)/Arduino/libraries/Time/DateStrings.cpp" />
		<Unit filename="../../../../../../../../../Program Files (x86)/Arduino/libraries/Time/Time.cpp" />
		<Unit filename="../../../../../../../../../Program Files (x86)/Arduino/libraries/Time/Time.h" />
		<Unit filename="../../../../../../../../../Program Files (x86)/Arduino/libraries/TimerOne/TimerOne.cpp" />
		<Unit filename="../../../../../../../../../Program Files (x86)/Arduino/libraries/TimerOne/TimerOne.h" />
		<Unit filename="../../../../../../../../../Program Files (x86)/Arduino/libraries/TimerOne/config/known_16bit_timers.h" />
		<Unit filename="../../../../../../../../../Program Files (x86)/Arduino/libraries/TimerThree/TimerThree.cpp" />
		<Unit filename="../../../../../../../../../Program Files (x86)/Arduino/libraries/TimerThree/TimerThree.h" />
		<Unit filename="../../../../../../../../../Program Files (x86)/Arduino/libraries/TimerThree/config/known_16bit_timers.h" />
		<Unit filename="../../../../../../../../../Program Files (x86)/Arduino/libraries/TinyGPS/TinyGPS.cpp" />
		<Unit filename="../../../../../../../../../Program Files (x86)/Arduino/libraries/TinyGPS/TinyGPS.h" />
		<Unit filename="../../../../../../../../../Program Files (x86)/Arduino/libraries/Tlc5940/Tlc5940.cpp" />
		<Unit filename="../../../../../../../../../Program Files (x86)/Arduino/libraries/Tlc5940/Tlc5940.h" />
		<Unit filename="../../../../../../../../../Program Files (x86)/Arduino/libraries/Tlc5940/examples/BasicAnimations/AnimationCreator.java" />
		<Unit filename="../../../../../../../../../Program Files (x86)/Arduino/libraries/Tlc5940/examples/BasicAnimations/ani_arduino.h" />
		<Unit filename="../../../../../../../../../Program Files (x86)/Arduino/libraries/Tlc5940/pinouts/ATmega_8.h" />
		<Unit filename="../../../../../../../../../Program Files (x86)/Arduino/libraries/Tlc5940/pinouts/ATmega_xx4.h" />
		<Unit filename="../../../../../../../../../Program Files (x86)/Arduino/libraries/Tlc5940/pinouts/ATmega_xx8.h" />
		<Unit filename="../../../../../../../../../Program Files (x86)/Arduino/libraries/Tlc5940/pinouts/Arduino_Mega.h" />
		<Unit filename="../../../../../../../../../Program Files (x86)/Arduino/libraries/Tlc5940/pinouts/Teensy_xxU4.h" />
		<Unit filename="../../../../../../../../../Program Files (x86)/Arduino/libraries/Tlc5940/pinouts/Teensypp_xxx6.h" />
		<Unit filename="../../../../../../../../../Program Files (x86)/Arduino/libraries/Tlc5940/pinouts/chip_includes.h" />
		<Unit filename="../../../../../../../../../Program Files (x86)/Arduino/libraries/Tlc5940/tlc_animations.h" />
		<Unit filename="../../../../../../../../../Program Files (x86)/Arduino/libraries/Tlc5940/tlc_config.h" />
		<Unit filename="../../../../../../../../../Program Files (x86)/Arduino/libraries/Tlc5940/tlc_fades.h" />
		<Unit filename="../../../../../../../../../Program Files (x86)/Arduino/libraries/Tlc5940/tlc_progmem_utils.h" />
		<Unit filename="../../../../../../../../../Program Files (x86)/Arduino/libraries/Tlc5940/tlc_servos.h" />
		<Unit filename="../../../../../../../../../Program Files (x86)/Arduino/libraries/Tlc5940/tlc_shifts.h" />
		<Unit filename="../../../../../../../../../Program Files (x86)/Arduino/libraries/UTFT/DefaultFonts.c">
			<Option compilerVar="CC" />
		</Unit>
		<Unit filename="../../../../../../../../../Program Files (x86)/Arduino/libraries/UTFT/UTFT.cpp" />
		<Unit filename="../../../../../../../../../Program Files (x86)/Arduino/libraries/UTFT/UTFT.h" />
		<Unit filename="../../../../../../../../../Program Files (x86)/Arduino/libraries/UTFT/examples/Arduino (ARM)/UTFT_Bitmap/icon.c">
			<Option compilerVar="CC" />
		</Unit>
		<Unit filename="../../../../../../../../../Program Files (x86)/Arduino/libraries/UTFT/examples/Arduino (ARM)/UTFT_Bitmap/info.c">
			<Option compilerVar="CC" />
		</Unit>
		<Unit filename="../../../../../../../../../Program Files (x86)/Arduino/libraries/UTFT/examples/Arduino (ARM)/UTFT_Bitmap/tux.c">
			<Option compilerVar="CC" />
		</Unit>
		<Unit filename="../../../../../../../../../Program Files (x86)/Arduino/libraries/UTFT/examples/Arduino (ARM)/UTFT_Bitmap_128x128/icon1.c">
			<Option compilerVar="CC" />
		</Unit>
		<Unit filename="../../../../../../../../../Program Files (x86)/Arduino/libraries/UTFT/examples/Arduino (ARM)/UTFT_Bitmap_128x128/icon2.c">
			<Option compilerVar="CC" />
		</Unit>
		<Unit filename="../../../../../../../../../Program Files (x86)/Arduino/libraries/UTFT/examples/Arduino (ARM)/UTFT_Bitmap_128x128/tux.c">
			<Option compilerVar="CC" />
		</Unit>
		<Unit filename="../../../../../../../../../Program Files (x86)/Arduino/libraries/UTFT/examples/Arduino (ARM)/UTFT_Rotate_Bitmap/biohazard.c">
			<Option compilerVar="CC" />
		</Unit>
		<Unit filename="../../../../../../../../../Program Files (x86)/Arduino/libraries/UTFT/examples/Arduino (AVR)/UTFT_Bitmap/icon.c">
			<Option compilerVar="CC" />
		</Unit>
		<Unit filename="../../../../../../../../../Program Files (x86)/Arduino/libraries/UTFT/examples/Arduino (AVR)/UTFT_Bitmap/info.c">
			<Option compilerVar="CC" />
		</Unit>
		<Unit filename="../../../../../../../../../Program Files (x86)/Arduino/libraries/UTFT/examples/Arduino (AVR)/UTFT_Bitmap/tux.c">
			<Option compilerVar="CC" />
		</Unit>
		<Unit filename="../../../../../../../../../Program Files (x86)/Arduino/libraries/UTFT/examples/Arduino (AVR)/UTFT_Bitmap_128x128/icon1.c">
			<Option compilerVar="CC" />
		</Unit>
		<Unit filename="../../../../../../../../../Program Files (x86)/Arduino/libraries/UTFT/examples/Arduino (AVR)/UTFT_Bitmap_128x128/icon2.c">
			<Option compilerVar="CC" />
		</Unit>
		<Unit filename="../../../../../../../../../Program Files (x86)/Arduino/libraries/UTFT/examples/Arduino (AVR)/UTFT_Bitmap_128x128/tux.c">
			<Option compilerVar="CC" />
		</Unit>
		<Unit filename="../../../../../../../../../Program Files (x86)/Arduino/libraries/UTFT/examples/Arduino (AVR)/UTFT_Rotate_Bitmap/tux.c">
			<Option compilerVar="CC" />
		</Unit>
		<Unit filename="../../../../../../../../../Program Files (x86)/Arduino/libraries/UTFT/examples/chipKit/UTFT_Bitmap/icon.c">
			<Option compilerVar="CC" />
		</Unit>
		<Unit filename="../../../../../../../../../Program Files (x86)/Arduino/libraries/UTFT/examples/chipKit/UTFT_Bitmap/info.c">
			<Option compilerVar="CC" />
		</Unit>
		<Unit filename="../../../../../../../../../Program Files (x86)/Arduino/libraries/UTFT/examples/chipKit/UTFT_Bitmap/tux.c">
			<Option compilerVar="CC" />
		</Unit>
		<Unit filename="../../../../../../../../../Program Files (x86)/Arduino/libraries/UTFT/examples/chipKit/UTFT_Bitmap_128x128/icon1.c">
			<Option compilerVar="CC" />
		</Unit>
		<Unit filename="../../../../../../../../../Program Files (x86)/Arduino/libraries/UTFT/examples/chipKit/UTFT_Bitmap_128x128/icon2.c">
			<Option compilerVar="CC" />
		</Unit>
		<Unit filename="../../../../../../../../../Program Files (x86)/Arduino/libraries/UTFT/examples/chipKit/UTFT_Bitmap_128x128/tux.c">
			<Option compilerVar="CC" />
		</Unit>
		<Unit filename="../../../../../../../../../Program Files (x86)/Arduino/libraries/UTFT/examples/chipKit/UTFT_Rotate_Bitmap/biohazard.c">
			<Option compilerVar="CC" />
		</Unit>
		<Unit filename="../../../../../../../../../Program Files (x86)/Arduino/libraries/UTFT/hardware/arm/HW_ARM.h" />
		<Unit filename="../../../../../../../../../Program Files (x86)/Arduino/libraries/UTFT/hardware/arm/HW_ARM_defines.h" />
		<Unit filename="../../../../../../../../../Program Files (x86)/Arduino/libraries/UTFT/hardware/arm/HW_SAM3X8E.h" />
		<Unit filename="../../../../../../../../../Program Files (x86)/Arduino/libraries/UTFT/hardware/arm/HW_Teensy3.h" />
		<Unit filename="../../../../../../../../../Program Files (x86)/Arduino/libraries/UTFT/hardware/avr/HW_ATmega1280.h" />
		<Unit filename="../../../../../../../../../Program Files (x86)/Arduino/libraries/UTFT/hardware/avr/HW_ATmega1284P.h" />
		<Unit filename="../../../../../../../../../Program Files (x86)/Arduino/libraries/UTFT/hardware/avr/HW_ATmega328P.h" />
		<Unit filename="../../../../../../../../../Program Files (x86)/Arduino/libraries/UTFT/hardware/avr/HW_ATmega32U4.h" />
		<Unit filename="../../../../../../../../../Program Files (x86)/Arduino/libraries/UTFT/hardware/avr/HW_AVR.h" />
		<Unit filename="../../../../../../../../../Program Files (x86)/Arduino/libraries/UTFT/hardware/avr/HW_AVR_defines.h" />
		<Unit filename="../../../../../../../../../Program Files (x86)/Arduino/libraries/UTFT/hardware/pic32/HW_PIC32.h" />
		<Unit filename="../../../../../../../../../Program Files (x86)/Arduino/libraries/UTFT/hardware/pic32/HW_PIC32MX320F128H.h" />
		<Unit filename="../../../../../../../../../Program Files (x86)/Arduino/libraries/UTFT/hardware/pic32/HW_PIC32MX340F512H.h" />
		<Unit filename="../../../../../../../../../Program Files (x86)/Arduino/libraries/UTFT/hardware/pic32/HW_PIC32MX795F512L.h" />
		<Unit filename="../../../../../../../../../Program Files (x86)/Arduino/libraries/UTFT/hardware/pic32/HW_PIC32_defines.h" />
		<Unit filename="../../../../../../../../../Program Files (x86)/Arduino/libraries/UTFT/memorysaver.h" />
		<Unit filename="../../../../../../../../../Program Files (x86)/Arduino/libraries/UTFT/tft_drivers/hx8340b/8/initlcd.h" />
		<Unit filename="../../../../../../../../../Program Files (x86)/Arduino/libraries/UTFT/tft_drivers/hx8340b/8/setxy.h" />
		<Unit filename="../../../../../../../../../Program Files (x86)/Arduino/libraries/UTFT/tft_drivers/hx8340b/s/initlcd.h" />
		<Unit filename="../../../../../../../../../Program Files (x86)/Arduino/libraries/UTFT/tft_drivers/hx8340b/s/setxy.h" />
		<Unit filename="../../../../../../../../../Program Files (x86)/Arduino/libraries/UTFT/tft_drivers/hx8347a/initlcd.h" />
		<Unit filename="../../../../../../../../../Program Files (x86)/Arduino/libraries/UTFT/tft_drivers/hx8347a/setxy.h" />
		<Unit filename="../../../../../../../../../Program Files (x86)/Arduino/libraries/UTFT/tft_drivers/hx8352a/initlcd.h" />
		<Unit filename="../../../../../../../../../Program Files (x86)/Arduino/libraries/UTFT/tft_drivers/hx8352a/setxy.h" />
		<Unit filename="../../../../../../../../../Program Files (x86)/Arduino/libraries/UTFT/tft_drivers/ili9320/initlcd.h" />
		<Unit filename="../../../../../../../../../Program Files (x86)/Arduino/libraries/UTFT/tft_drivers/ili9320/setxy.h" />
		<Unit filename="../../../../../../../../../Program Files (x86)/Arduino/libraries/UTFT/tft_drivers/ili9325c/initlcd.h" />
		<Unit filename="../../../../../../../../../Program Files (x86)/Arduino/libraries/UTFT/tft_drivers/ili9325c/setxy.h" />
		<Unit filename="../../../../../../../../../Program Files (x86)/Arduino/libraries/UTFT/tft_drivers/ili9325d/alt/initlcd.h" />
		<Unit filename="../../../../../../../../../Program Files (x86)/Arduino/libraries/UTFT/tft_drivers/ili9325d/alt/setxy.h" />
		<Unit filename="../../../../../../../../../Program Files (x86)/Arduino/libraries/UTFT/tft_drivers/ili9325d/default/initlcd.h" />
		<Unit filename="../../../../../../../../../Program Files (x86)/Arduino/libraries/UTFT/tft_drivers/ili9325d/default/setxy.h" />
		<Unit filename="../../../../../../../../../Program Files (x86)/Arduino/libraries/UTFT/tft_drivers/ili9327/initlcd.h" />
		<Unit filename="../../../../../../../../../Program Files (x86)/Arduino/libraries/UTFT/tft_drivers/ili9327/setxy.h" />
		<Unit filename="../../../../../../../../../Program Files (x86)/Arduino/libraries/UTFT/tft_drivers/ili9341/s4p/initlcd.h" />
		<Unit filename="../../../../../../../../../Program Files (x86)/Arduino/libraries/UTFT/tft_drivers/ili9341/s4p/setxy.h" />
		<Unit filename="../../../../../../../../../Program Files (x86)/Arduino/libraries/UTFT/tft_drivers/ili9341/s5p/initlcd.h" />
		<Unit filename="../../../../../../../../../Program Files (x86)/Arduino/libraries/UTFT/tft_drivers/ili9341/s5p/setxy.h" />
		<Unit filename="../../../../../../../../../Program Files (x86)/Arduino/libraries/UTFT/tft_drivers/ili9481/initlcd.h" />
		<Unit filename="../../../../../../../../../Program Files (x86)/Arduino/libraries/UTFT/tft_drivers/ili9481/setxy.h" />
		<Unit filename="../../../../../../../../../Program Files (x86)/Arduino/libraries/UTFT/tft_drivers/ili9486/initlcd.h" />
		<Unit filename="../../../../../../../../../Program Files (x86)/Arduino/libraries/UTFT/tft_drivers/ili9486/setxy.h" />
		<Unit filename="../../../../../../../../../Program Files (x86)/Arduino/libraries/UTFT/tft_drivers/pcf8833/initlcd.h" />
		<Unit filename="../../../../../../../../../Program Files (x86)/Arduino/libraries/UTFT/tft_drivers/pcf8833/setxy.h" />
		<Unit filename="../../../../../../../../../Program Files (x86)/Arduino/libraries/UTFT/tft_drivers/r61581/initlcd.h" />
		<Unit filename="../../../../../../../../../Program Files (x86)/Arduino/libraries/UTFT/tft_drivers/r61581/setxy.h" />
		<Unit filename="../../../../../../../../../Program Files (x86)/Arduino/libraries/UTFT/tft_drivers/s1d19122/initlcd.h" />
		<Unit filename="../../../../../../../../../Program Files (x86)/Arduino/libraries/UTFT/tft_drivers/s1d19122/setxy.h" />
		<Unit filename="../../../../../../../../../Program Files (x86)/Arduino/libraries/UTFT/tft_drivers/s6d0164/initlcd.h" />
		<Unit filename="../../../../../../../../../Program Files (x86)/Arduino/libraries/UTFT/tft_drivers/s6d0164/setxy.h" />
		<Unit filename="../../../../../../../../../Program Files (x86)/Arduino/libraries/UTFT/tft_drivers/s6d1121/initlcd.h" />
		<Unit filename="../../../../../../../../../Program Files (x86)/Arduino/libraries/UTFT/tft_drivers/s6d1121/setxy.h" />
		<Unit filename="../../../../../../../../../Program Files (x86)/Arduino/libraries/UTFT/tft_drivers/ssd1289/initlcd.h" />
		<Unit filename="../../../../../../../../../Program Files (x86)/Arduino/libraries/UTFT/tft_drivers/ssd1289/setxy.h" />
		<Unit filename="../../../../../../../../../Program Files (x86)/Arduino/libraries/UTFT/tft_drivers/ssd1963/480/initlcd.h" />
		<Unit filename="../../../../../../../../../Program Files (x86)/Arduino/libraries/UTFT/tft_drivers/ssd1963/480/setxy.h" />
		<Unit filename="../../../../../../../../../Program Files (x86)/Arduino/libraries/UTFT/tft_drivers/ssd1963/800/initlcd.h" />
		<Unit filename="../../../../../../../../../Program Files (x86)/Arduino/libraries/UTFT/tft_drivers/ssd1963/800/setxy.h" />
		<Unit filename="../../../../../../../../../Program Files (x86)/Arduino/libraries/UTFT/tft_drivers/ssd1963/800alt/initlcd.h" />
		<Unit filename="../../../../../../../../../Program Files (x86)/Arduino/libraries/UTFT/tft_drivers/ssd1963/800alt/setxy.h" />
		<Unit filename="../../../../../../../../../Program Files (x86)/Arduino/libraries/UTFT/tft_drivers/st7735/initlcd.h" />
		<Unit filename="../../../../../../../../../Program Files (x86)/Arduino/libraries/UTFT/tft_drivers/st7735/setxy.h" />
		<Unit filename="../../../../../../../../../Program Files (x86)/Arduino/libraries/UTFT/tft_drivers/st7735s/initlcd.h" />
		<Unit filename="../../../../../../../../../Program Files (x86)/Arduino/libraries/UTFT/tft_drivers/st7735s/setxy.h" />
		<Unit filename="../../../../../../../../../Program Files (x86)/Arduino/libraries/VirtualWire/VirtualWire.cpp" />
		<Unit filename="../../../../../../../../../Program Files (x86)/Arduino/libraries/VirtualWire/VirtualWire.h" />
		<Unit filename="../../../../../../../../../Program Files (x86)/Arduino/libraries/VirtualWire/util/crc16.h" />
		<Unit filename="../../../../../../../../../Program Files (x86)/Arduino/libraries/WiFi/WiFi.cpp" />
		<Unit filename="../../../../../../../../../Program Files (x86)/Arduino/libraries/WiFi/WiFi.h" />
		<Unit filename="../../../../../../../../../Program Files (x86)/Arduino/libraries/WiFi/WiFiClient.cpp" />
		<Unit filename="../../../../../../../../../Program Files (x86)/Arduino/libraries/WiFi/WiFiClient.h" />
		<Unit filename="../../../../../../../../../Program Files (x86)/Arduino/libraries/WiFi/WiFiServer.cpp" />
		<Unit filename="../../../../../../../../../Program Files (x86)/Arduino/libraries/WiFi/WiFiServer.h" />
		<Unit filename="../../../../../../../../../Program Files (x86)/Arduino/libraries/WiFi/WiFiUdp.cpp" />
		<Unit filename="../../../../../../../../../Program Files (x86)/Arduino/libraries/WiFi/WiFiUdp.h" />
		<Unit filename="../../../../../../../../../Program Files (x86)/Arduino/libraries/WiFi/utility/debug.h" />
		<Unit filename="../../../../../../../../../Program Files (x86)/Arduino/libraries/WiFi/utility/server_drv.cpp" />
		<Unit filename="../../../../../../../../../Program Files (x86)/Arduino/libraries/WiFi/utility/server_drv.h" />
		<Unit filename="../../../../../../../../../Program Files (x86)/Arduino/libraries/WiFi/utility/socket.c">
			<Option compilerVar="CC" />
		</Unit>
		<Unit filename="../../../../../../../../../Program Files (x86)/Arduino/libraries/WiFi/utility/socket.h" />
		<Unit filename="../../../../../../../../../Program Files (x86)/Arduino/libraries/WiFi/utility/spi_drv.cpp" />
		<Unit filename="../../../../../../../../../Program Files (x86)/Arduino/libraries/WiFi/utility/spi_drv.h" />
		<Unit filename="../../../../../../../../../Program Files (x86)/Arduino/libraries/WiFi/utility/wifi_drv.cpp" />
		<Unit filename="../../../../../../../../../Program Files (x86)/Arduino/libraries/WiFi/utility/wifi_drv.h" />
		<Unit filename="../../../../../../../../../Program Files (x86)/Arduino/libraries/WiFi/utility/wifi_spi.h" />
		<Unit filename="../../../../../../../../../Program Files (x86)/Arduino/libraries/WiFi/utility/wl_definitions.h" />
		<Unit filename="../../../../../../../../../Program Files (x86)/Arduino/libraries/WiFi/utility/wl_types.h" />
		<Unit filename="../../../../../../../../../Program Files (x86)/Arduino/libraries/Wire/Wire.cpp" />
		<Unit filename="../../../../../../../../../Program Files (x86)/Arduino/libraries/Wire/Wire.h" />
		<Unit filename="../../../../../../../../../Program Files (x86)/Arduino/libraries/Wire/utility/twi.c">
			<Option compilerVar="CC" />
		</Unit>
		<Unit filename="../../../../../../../../../Program Files (x86)/Arduino/libraries/Wire/utility/twi.h" />
		<Unit filename="../../../../../../../../../Program Files (x86)/Arduino/libraries/XBee/XBee.cpp" />
		<Unit filename="../../../../../../../../../Program Files (x86)/Arduino/libraries/XBee/XBee.h" />
		<Unit filename="../../../../../../../../../Program Files (x86)/Arduino/libraries/ks0108/ArduinoIcon.h" />
		<Unit filename="../../../../../../../../../Program Files (x86)/Arduino/libraries/ks0108/Arial14.h" />
		<Unit filename="../../../../../../../../../Program Files (x86)/Arduino/libraries/ks0108/SystemFont5x7.h" />
		<Unit filename="../../../../../../../../../Program Files (x86)/Arduino/libraries/ks0108/ks0108.cpp" />
		<Unit filename="../../../../../../../../../Program Files (x86)/Arduino/libraries/ks0108/ks0108.h" />
		<Unit filename="../../../../../../../../../Program Files (x86)/Arduino/libraries/ks0108/ks0108_Arduino.h" />
		<Unit filename="../../../../../../../../../Program Files (x86)/Arduino/libraries/ks0108/ks0108_Mega.h" />
		<Unit filename="../../../../../../../../../Program Files (x86)/Arduino/libraries/ks0108/ks0108_Panel.h" />
		<Unit filename="../../../../../../../../../Program Files (x86)/Arduino/libraries/ks0108/ks0108_Sanguino.h" />
		<Unit filename="../../../../../../../../../Program Files (x86)/Arduino/libraries/ks0108/ks0108_Teensy++.h" />
		<Unit filename="../../../../../../../../../Program Files (x86)/Arduino/libraries/ks0108/ks0108_Teensy.h" />
		<Unit filename="../../../../../../../../../Program Files (x86)/Arduino/libraries/x10/x10.cpp" />
		<Unit filename="../../../../../../../../../Program Files (x86)/Arduino/libraries/x10/x10.h" />
		<Unit filename="../../../../../../../../../Program Files (x86)/Arduino/libraries/x10/x10constants.h" />
		<Unit filename="../../../../../../../Documents/Arduino/libraries/AdafruitCameraLibrary/Adafruit_VC0706.cpp" />
		<Unit filename="../../../../../../../Documents/Arduino/libraries/AdafruitCameraLibrary/Adafruit_VC0706.h" />
		<Unit filename="../../../../../../../Documents/Arduino/libraries/ExtServo/extservo.cpp" />
		<Unit filename="../../../../../../../Documents/Arduino/libraries/ExtServo/extservo.h" />
		<Unit filename="../../../../../../../Documents/Arduino/libraries/GSMSHIELD/GSM.cpp" />
		<Unit filename="../../../../../../../Documents/Arduino/libraries/GSMSHIELD/GSM.h" />
		<Unit filename="../../../../../../../Documents/Arduino/libraries/GSMSHIELD/HWSerial.cpp" />
		<Unit filename="../../../../../../../Documents/Arduino/libraries/GSMSHIELD/HWSerial.h" />
		<Unit filename="../../../../../../../Documents/Arduino/libraries/GSMSHIELD/LOG.cpp" />
		<Unit filename="../../../../../../../Documents/Arduino/libraries/GSMSHIELD/LOG.h" />
		<Unit filename="../../../../../../../Documents/Arduino/libraries/GSMSHIELD/SIM900.cpp" />
		<Unit filename="../../../../../../../Documents/Arduino/libraries/GSMSHIELD/SIM900.h" />
		<Unit filename="../../../../../../../Documents/Arduino/libraries/GSMSHIELD/Streaming.h" />
		<Unit filename="../../../../../../../Documents/Arduino/libraries/GSMSHIELD/WideTextFinder.cpp" />
		<Unit filename="../../../../../../../Documents/Arduino/libraries/GSMSHIELD/WideTextFinder.h" />
		<Unit filename="../../../../../../../Documents/Arduino/libraries/GSMSHIELD/call.cpp" />
		<Unit filename="../../../../../../../Documents/Arduino/libraries/GSMSHIELD/call.h" />
		<Unit filename="../../../../../../../Documents/Arduino/libraries/GSMSHIELD/gps.cpp" />
		<Unit filename="../../../../../../../Documents/Arduino/libraries/GSMSHIELD/gps.h" />
		<Unit filename="../../../../../../../Documents/Arduino/libraries/GSMSHIELD/inetGSM.cpp" />
		<Unit filename="../../../../../../../Documents/Arduino/libraries/GSMSHIELD/inetGSM.h" />
		<Unit filename="../../../../../../../Documents/Arduino/libraries/GSMSHIELD/sms.cpp" />
		<Unit filename="../../../../../../../Documents/Arduino/libraries/GSMSHIELD/sms.h" />
		<Unit filename="../../../../../../../Documents/Arduino/libraries/L3G/L3G.cpp" />
		<Unit filename="../../../../../../../Documents/Arduino/libraries/L3G/L3G.h" />
		<Unit filename="../../../../../../../Documents/Arduino/libraries/LSM303/LSM303.cpp" />
		<Unit filename="../../../../../../../Documents/Arduino/libraries/LSM303/LSM303.h" />
		<Unit filename="../../../../../../../Documents/Arduino/libraries/SdFat/ArduinoStream.h" />
		<Unit filename="../../../../../../../Documents/Arduino/libraries/SdFat/PreVer100Pins.h" />
		<Unit filename="../../../../../../../Documents/Arduino/libraries/SdFat/Sd2Card.cpp" />
		<Unit filename="../../../../../../../Documents/Arduino/libraries/SdFat/Sd2Card.h" />
		<Unit filename="../../../../../../../Documents/Arduino/libraries/SdFat/Sd2PinMap.h" />
		<Unit filename="../../../../../../../Documents/Arduino/libraries/SdFat/SdBaseFile.cpp" />
		<Unit filename="../../../../../../../Documents/Arduino/libraries/SdFat/SdBaseFile.h" />
		<Unit filename="../../../../../../../Documents/Arduino/libraries/SdFat/SdFat.cpp" />
		<Unit filename="../../../../../../../Documents/Arduino/libraries/SdFat/SdFat.h" />
		<Unit filename="../../../../../../../Documents/Arduino/libraries/SdFat/SdFatConfig.h" />
		<Unit filename="../../../../../../../Documents/Arduino/libraries/SdFat/SdFatStructs.h" />
		<Unit filename="../../../../../../../Documents/Arduino/libraries/SdFat/SdFatUtil.cpp" />
		<Unit filename="../../../../../../../Documents/Arduino/libraries/SdFat/SdFatUtil.h" />
		<Unit filename="../../../../../../../Documents/Arduino/libraries/SdFat/SdFatmainpage.h" />
		<Unit filename="../../../../../../../Documents/Arduino/libraries/SdFat/SdFile.cpp" />
		<Unit filename="../../../../../../../Documents/Arduino/libraries/SdFat/SdFile.h" />
		<Unit filename="../../../../../../../Documents/Arduino/libraries/SdFat/SdInfo.h" />
		<Unit filename="../../../../../../../Documents/Arduino/libraries/SdFat/SdStream.cpp" />
		<Unit filename="../../../../../../../Documents/Arduino/libraries/SdFat/SdStream.h" />
		<Unit filename="../../../../../../../Documents/Arduino/libraries/SdFat/SdVolume.cpp" />
		<Unit filename="../../../../../../../Documents/Arduino/libraries/SdFat/SdVolume.h" />
		<Unit filename="../../../../../../../Documents/Arduino/libraries/SdFat/bufstream.h" />
		<Unit filename="../../../../../../../Documents/Arduino/libraries/SdFat/ios.h" />
		<Unit filename="../../../../../../../Documents/Arduino/libraries/SdFat/iostream.h" />
		<Unit filename="../../../../../../../Documents/Arduino/libraries/SdFat/istream.cpp" />
		<Unit filename="../../../../../../../Documents/Arduino/libraries/SdFat/istream.h" />
		<Unit filename="../../../../../../../Documents/Arduino/libraries/SdFat/ostream.cpp" />
		<Unit filename="../../../../../../../Documents/Arduino/libraries/SdFat/ostream.h" />
		<Unit filename="../../../../../../../Documents/Arduino/libraries/SeeedTFT/SeeedTFT.cpp" />
		<Unit filename="../../../../../../../Documents/Arduino/libraries/SeeedTFT/SeeedTFT.h" />
		<Unit filename="../../../../../../../Documents/Arduino/libraries/SeeedTFT/font.c">
			<Option compilerVar="CC" />
		</Unit>
		<Unit filename="../../../../../../../Documents/Arduino/libraries/TVout/TVout.cpp" />
		<Unit filename="../../../../../../../Documents/Arduino/libraries/TVout/TVout.h" />
		<Unit filename="../../../../../../../Documents/Arduino/libraries/TVout/TVoutPrint.cpp" />
		<Unit filename="../../../../../../../Documents/Arduino/libraries/TVout/examples/DemoNTSC/TVOlogo.cpp" />
		<Unit filename="../../../../../../../Documents/Arduino/libraries/TVout/examples/DemoNTSC/TVOlogo.h" />
		<Unit filename="../../../../../../../Documents/Arduino/libraries/TVout/examples/DemoNTSC/schematic.cpp" />
		<Unit filename="../../../../../../../Documents/Arduino/libraries/TVout/examples/DemoNTSC/schematic.h" />
		<Unit filename="../../../../../../../Documents/Arduino/libraries/TVout/examples/DemoPAL/TVOlogo.cpp" />
		<Unit filename="../../../../../../../Documents/Arduino/libraries/TVout/examples/DemoPAL/TVOlogo.h" />
		<Unit filename="../../../../../../../Documents/Arduino/libraries/TVout/examples/DemoPAL/schematic.cpp" />
		<Unit filename="../../../../../../../Documents/Arduino/libraries/TVout/examples/DemoPAL/schematic.h" />
		<Unit filename="../../../../../../../Documents/Arduino/libraries/TVout/spec/asm_macros.h" />
		<Unit filename="../../../../../../../Documents/Arduino/libraries/TVout/spec/hardware_setup.h" />
		<Unit filename="../../../../../../../Documents/Arduino/libraries/TVout/spec/video_properties.h" />
		<Unit filename="../../../../../../../Documents/Arduino/libraries/TVout/video_gen.cpp" />
		<Unit filename="../../../../../../../Documents/Arduino/libraries/TVout/video_gen.h" />
		<Unit filename="../../../../../../../Documents/Arduino/libraries/TVoutfonts/font4x6.cpp" />
		<Unit filename="../../../../../../../Documents/Arduino/libraries/TVoutfonts/font4x6.h" />
		<Unit filename="../../../../../../../Documents/Arduino/libraries/TVoutfonts/font6x8.cpp" />
		<Unit filename="../../../../../../../Documents/Arduino/libraries/TVoutfonts/font6x8.h" />
		<Unit filename="../../../../../../../Documents/Arduino/libraries/TVoutfonts/font8x8.cpp" />
		<Unit filename="../../../../../../../Documents/Arduino/libraries/TVoutfonts/font8x8.h" />
		<Unit filename="../../../../../../../Documents/Arduino/libraries/TVoutfonts/font8x8ext.cpp" />
		<Unit filename="../../../../../../../Documents/Arduino/libraries/TVoutfonts/font8x8ext.h" />
		<Unit filename="../../../../../../../Documents/Arduino/libraries/TVoutfonts/fontALL.h" />
		<Unit filename="../../../../../../../Documents/Arduino/libraries/TouchScreen/TouchScreen.cpp" />
		<Unit filename="../../../../../../../Documents/Arduino/libraries/TouchScreen/TouchScreen.h" />
		<Unit filename="../../../../../../../Documents/Arduino/libraries/pollserial/pollserial.cpp" />
		<Unit filename="../../../../../../../Documents/Arduino/libraries/pollserial/pollserial.h" />
		<Unit filename="HBridge.cpp" />
		<Unit filename="HBridge.h" />
		<Unit filename="RCTankBot.ino" />
		<Unit filename="base64enc.cpp" />
		<Unit filename="base64enc.h" />
		<Unit filename="extmain.cpp" />
		<Unit filename="extmain.h" />
		<Unit filename="extservo.h" />
		<Extensions>
			<code_completion />
			<envvars />
			<debugger />
			<lib_finder disable_auto="1" />
		</Extensions>
	</Project>
</CodeBlocks_project_file>
